
Microsoft Visual Studio Solution File, Format Version 12.00
# Visual Studio 15
VisualStudioVersion = 15.0.28307.779
MinimumVisualStudioVersion = 10.0.40219.1
Project("{9A19103F-16F7-4668-BE54-9A1E7A4F7556}") = "02. Inches to Centimeters", "02. Inches to Centimeters\02. Inches to Centimeters.csproj", "{B78BB436-D7ED-4481-A1A1-E61B8F968D91}"
EndProject
Project("{9A19103F-16F7-4668-BE54-9A1E7A4F7556}") = "03. Greeting by Name", "03. Greeting by Name\03. Greeting by Name.csproj", "{8508B8B1-54B1-44E0-8171-ED63D5070536}"
EndProject
Project("{9A19103F-16F7-4668-BE54-9A1E7A4F7556}") = "04. Concatenate Data", "04. Concatenate Data\04. Concatenate Data.csproj", "{381F76E8-05B9-426D-9DC3-BB8BCFBDED26}"
EndProject
Project("{9A19103F-16F7-4668-BE54-9A1E7A4F7556}") = "05. Projects Creation", "05. Projects Creation\05. Projects Creation.csproj", "{422B0FDC-7796-4538-9483-D2DCE474B63F}"
EndProject
Project("{9A19103F-16F7-4668-BE54-9A1E7A4F7556}") = "06.Circle Area and Perimeter", "06.Circle Area and Perimeter\06.Circle Area and Perimeter.csproj", "{23F5DC93-08B9-4E6D-A543-C02CDD8567F0}"
EndProject
Project("{9A19103F-16F7-4668-BE54-9A1E7A4F7556}") = "07. Pet Shop", "07. Pet Shop\07. Pet Shop.csproj", "{8971A87B-77C8-43B9-950C-70F043DEFB6E}"
EndProject
Project("{9A19103F-16F7-4668-BE54-9A1E7A4F7556}") = "08. Yard Greening", "08. Yard Greening\08. Yard Greening.csproj", "{B9B2C585-2707-4A59-BB61-5A755A0D099E}"
EndProject
Project("{9A19103F-16F7-4668-BE54-9A1E7A4F7556}") = "09. Fish Tank", "09. Fish Tank\09. Fish Tank.csproj", "{B4FE33C9-ACDA-4632-AED4-1740BAA29981}"
EndProject
Project("{9A19103F-16F7-4668-BE54-9A1E7A4F7556}") = "01. Square Area", "01. Square Area\01. Square Area.csproj", "{0DB76DBF-E209-4414-9A5B-D7BD3153CF38}"
EndProject
Global
	GlobalSection(SolutionConfigurationPlatforms) = preSolution
		Debug|Any CPU = Debug|Any CPU
		Release|Any CPU = Release|Any CPU
	EndGlobalSection
	GlobalSection(ProjectConfigurationPlatforms) = postSolution
		{B78BB436-D7ED-4481-A1A1-E61B8F968D91}.Debug|Any CPU.ActiveCfg = Debug|Any CPU
		{B78BB436-D7ED-4481-A1A1-E61B8F968D91}.Debug|Any CPU.Build.0 = Debug|Any CPU
		{B78BB436-D7ED-4481-A1A1-E61B8F968D91}.Release|Any CPU.ActiveCfg = Release|Any CPU
		{B78BB436-D7ED-4481-A1A1-E61B8F968D91}.Release|Any CPU.Build.0 = Release|Any CPU
		{8508B8B1-54B1-44E0-8171-ED63D5070536}.Debug|Any CPU.ActiveCfg = Debug|Any CPU
		{8508B8B1-54B1-44E0-8171-ED63D5070536}.Debug|Any CPU.Build.0 = Debug|Any CPU
		{8508B8B1-54B1-44E0-8171-ED63D5070536}.Release|Any CPU.ActiveCfg = Release|Any CPU
		{8508B8B1-54B1-44E0-8171-ED63D5070536}.Release|Any CPU.Build.0 = Release|Any CPU
		{381F76E8-05B9-426D-9DC3-BB8BCFBDED26}.Debug|Any CPU.ActiveCfg = Debug|Any CPU
		{381F76E8-05B9-426D-9DC3-BB8BCFBDED26}.Debug|Any CPU.Build.0 = Debug|Any CPU
		{381F76E8-05B9-426D-9DC3-BB8BCFBDED26}.Release|Any CPU.ActiveCfg = Release|Any CPU
		{381F76E8-05B9-426D-9DC3-BB8BCFBDED26}.Release|Any CPU.Build.0 = Release|Any CPU
		{422B0FDC-7796-4538-9483-D2DCE474B63F}.Debug|Any CPU.ActiveCfg = Debug|Any CPU
		{422B0FDC-7796-4538-9483-D2DCE474B63F}.Debug|Any CPU.Build.0 = Debug|Any CPU
		{422B0FDC-7796-4538-9483-D2DCE474B63F}.Release|Any CPU.ActiveCfg = Release|Any CPU
		{422B0FDC-7796-4538-9483-D2DCE474B63F}.Release|Any CPU.Build.0 = Release|Any CPU
		{23F5DC93-08B9-4E6D-A543-C02CDD8567F0}.Debug|Any CPU.ActiveCfg = Debug|Any CPU
		{23F5DC93-08B9-4E6D-A543-C02CDD8567F0}.Debug|Any CPU.Build.0 = Debug|Any CPU
		{23F5DC93-08B9-4E6D-A543-C02CDD8567F0}.Release|Any CPU.ActiveCfg = Release|Any CPU
		{23F5DC93-08B9-4E6D-A543-C02CDD8567F0}.Release|Any CPU.Build.0 = Release|Any CPU
		{8971A87B-77C8-43B9-950C-70F043DEFB6E}.Debug|Any CPU.ActiveCfg = Debug|Any CPU
		{8971A87B-77C8-43B9-950C-70F043DEFB6E}.Debug|Any CPU.Build.0 = Debug|Any CPU
		{8971A87B-77C8-43B9-950C-70F043DEFB6E}.Release|Any CPU.ActiveCfg = Release|Any CPU
		{8971A87B-77C8-43B9-950C-70F043DEFB6E}.Release|Any CPU.Build.0 = Release|Any CPU
		{B9B2C585-2707-4A59-BB61-5A755A0D099E}.Debug|Any CPU.ActiveCfg = Debug|Any CPU
		{B9B2C585-2707-4A59-BB61-5A755A0D099E}.Debug|Any CPU.Build.0 = Debug|Any CPU
		{B9B2C585-2707-4A59-BB61-5A755A0D099E}.Release|Any CPU.ActiveCfg = Release|Any CPU
		{B9B2C585-2707-4A59-BB61-5A755A0D099E}.Release|Any CPU.Build.0 = Release|Any CPU
		{B4FE33C9-ACDA-4632-AED4-1740BAA29981}.Debug|Any CPU.ActiveCfg = Debug|Any CPU
		{B4FE33C9-ACDA-4632-AED4-1740BAA29981}.Debug|Any CPU.Build.0 = Debug|Any CPU
		{B4FE33C9-ACDA-4632-AED4-1740BAA29981}.Release|Any CPU.ActiveCfg = Release|Any CPU
		{B4FE33C9-ACDA-4632-AED4-1740BAA29981}.Release|Any CPU.Build.0 = Release|Any CPU
		{0DB76DBF-E209-4414-9A5B-D7BD3153CF38}.Debug|Any CPU.ActiveCfg = Debug|Any CPU
		{0DB76DBF-E209-4414-9A5B-D7BD3153CF38}.Debug|Any CPU.Build.0 = Debug|Any CPU
		{0DB76DBF-E209-4414-9A5B-D7BD3153CF38}.Release|Any CPU.ActiveCfg = Release|Any CPU
		{0DB76DBF-E209-4414-9A5B-D7BD3153CF38}.Release|Any CPU.Build.0 = Release|Any CPU
	EndGlobalSection
	GlobalSection(SolutionProperties) = preSolution
		HideSolutionNode = FALSE
	EndGlobalSection
	GlobalSection(ExtensibilityGlobals) = postSolution
		SolutionGuid = {189FF773-850B-4AA7-BB79-93F3F05F5D77}
	EndGlobalSection
EndGlobal
